
Microsoft Visual Studio Solution File, Format Version 12.00
# Visual Studio 15
VisualStudioVersion = 15.0.28010.2003
MinimumVisualStudioVersion = 10.0.40219.1
Project("{FAE04EC0-301F-11D3-BF4B-00C04F79EFBC}") = "Hotel.Admin", "Eticaret.Admin\Hotel.Admin.csproj", "{38DB9B99-C612-456D-BEE9-EDB14D86F2CE}"
EndProject
Project("{FAE04EC0-301F-11D3-BF4B-00C04F79EFBC}") = "Hotel.UserInterface", "Eticaret.UserInterface\Hotel.UserInterface.csproj", "{93296A40-9C35-49B2-A8FA-FA4D67288C81}"
EndProject
Project("{FAE04EC0-301F-11D3-BF4B-00C04F79EFBC}") = "Hotel.Common", "Eticaret.Common\Hotel.Common.csproj", "{27E38491-7569-459B-8B12-DDFCE25F34E9}"
EndProject
Project("{FAE04EC0-301F-11D3-BF4B-00C04F79EFBC}") = "Hotel.Core", "Eticaret.Core\Hotel.Core.csproj", "{614911DD-2F9E-4A69-9237-8B885BA0DC53}"
EndProject
Project("{FAE04EC0-301F-11D3-BF4B-00C04F79EFBC}") = "Hotel.Domain", "Eticaret.Domain\Hotel.Domain.csproj", "{40A04AC0-BC77-4ED5-9D07-13673F4A0CF0}"
EndProject
Global
	GlobalSection(SolutionConfigurationPlatforms) = preSolution
		Debug|Any CPU = Debug|Any CPU
		Release|Any CPU = Release|Any CPU
	EndGlobalSection
	GlobalSection(ProjectConfigurationPlatforms) = postSolution
		{38DB9B99-C612-456D-BEE9-EDB14D86F2CE}.Debug|Any CPU.ActiveCfg = Debug|Any CPU
		{38DB9B99-C612-456D-BEE9-EDB14D86F2CE}.Debug|Any CPU.Build.0 = Debug|Any CPU
		{38DB9B99-C612-456D-BEE9-EDB14D86F2CE}.Release|Any CPU.ActiveCfg = Release|Any CPU
		{38DB9B99-C612-456D-BEE9-EDB14D86F2CE}.Release|Any CPU.Build.0 = Release|Any CPU
		{93296A40-9C35-49B2-A8FA-FA4D67288C81}.Debug|Any CPU.ActiveCfg = Debug|Any CPU
		{93296A40-9C35-49B2-A8FA-FA4D67288C81}.Debug|Any CPU.Build.0 = Debug|Any CPU
		{93296A40-9C35-49B2-A8FA-FA4D67288C81}.Release|Any CPU.ActiveCfg = Release|Any CPU
		{93296A40-9C35-49B2-A8FA-FA4D67288C81}.Release|Any CPU.Build.0 = Release|Any CPU
		{27E38491-7569-459B-8B12-DDFCE25F34E9}.Debug|Any CPU.ActiveCfg = Debug|Any CPU
		{27E38491-7569-459B-8B12-DDFCE25F34E9}.Debug|Any CPU.Build.0 = Debug|Any CPU
		{27E38491-7569-459B-8B12-DDFCE25F34E9}.Release|Any CPU.ActiveCfg = Release|Any CPU
		{27E38491-7569-459B-8B12-DDFCE25F34E9}.Release|Any CPU.Build.0 = Release|Any CPU
		{614911DD-2F9E-4A69-9237-8B885BA0DC53}.Debug|Any CPU.ActiveCfg = Debug|Any CPU
		{614911DD-2F9E-4A69-9237-8B885BA0DC53}.Debug|Any CPU.Build.0 = Debug|Any CPU
		{614911DD-2F9E-4A69-9237-8B885BA0DC53}.Release|Any CPU.ActiveCfg = Release|Any CPU
		{614911DD-2F9E-4A69-9237-8B885BA0DC53}.Release|Any CPU.Build.0 = Release|Any CPU
		{40A04AC0-BC77-4ED5-9D07-13673F4A0CF0}.Debug|Any CPU.ActiveCfg = Debug|Any CPU
		{40A04AC0-BC77-4ED5-9D07-13673F4A0CF0}.Debug|Any CPU.Build.0 = Debug|Any CPU
		{40A04AC0-BC77-4ED5-9D07-13673F4A0CF0}.Release|Any CPU.ActiveCfg = Release|Any CPU
		{40A04AC0-BC77-4ED5-9D07-13673F4A0CF0}.Release|Any CPU.Build.0 = Release|Any CPU
	EndGlobalSection
	GlobalSection(SolutionProperties) = preSolution
		HideSolutionNode = FALSE
	EndGlobalSection
	GlobalSection(ExtensibilityGlobals) = postSolution
		SolutionGuid = {DB4D0938-F050-4B00-97D0-917E272E075A}
	EndGlobalSection
EndGlobal
